
Microsoft Visual Studio Solution File, Format Version 12.00
# Visual Studio Version 16
VisualStudioVersion = 16.0.29728.190
MinimumVisualStudioVersion = 10.0.40219.1
Project("{FAE04EC0-301F-11D3-BF4B-00C04F79EFBC}") = "Inspecciones", "Inspecciones\Inspecciones.csproj", "{FFC9383B-D3FF-4A30-952F-18A6E2AC3117}"
EndProject
Global
	GlobalSection(SolutionConfigurationPlatforms) = preSolution
		Debug|Any CPU = Debug|Any CPU
		Release|Any CPU = Release|Any CPU
	EndGlobalSection
	GlobalSection(ProjectConfigurationPlatforms) = postSolution
		{FFC9383B-D3FF-4A30-952F-18A6E2AC3117}.Debug|Any CPU.ActiveCfg = Debug|Any CPU
		{FFC9383B-D3FF-4A30-952F-18A6E2AC3117}.Debug|Any CPU.Build.0 = Debug|Any CPU
		{FFC9383B-D3FF-4A30-952F-18A6E2AC3117}.Release|Any CPU.ActiveCfg = Release|Any CPU
		{FFC9383B-D3FF-4A30-952F-18A6E2AC3117}.Release|Any CPU.Build.0 = Release|Any CPU
	EndGlobalSection
	GlobalSection(SolutionProperties) = preSolution
		HideSolutionNode = FALSE
	EndGlobalSection
	GlobalSection(ExtensibilityGlobals) = postSolution
		SolutionGuid = {143B50A5-2F96-4887-9A56-19627DA8D56D}
	EndGlobalSection
EndGlobal
